// !$*UTF8*$!
{
	archiveVersion = 1;
	classes = {
	};
	objectVersion = 46;
	objects = {

/* Begin PBXBuildFile section */
		52F79A231D1C327700A7C62E /* AppDelegate.swift in Sources */ = {isa = PBXBuildFile; fileRef = 52F79A221D1C327700A7C62E /* AppDelegate.swift */; };
		52F79A251D1C327700A7C62E /* SimulationViewController.swift in Sources */ = {isa = PBXBuildFile; fileRef = 52F79A241D1C327700A7C62E /* SimulationViewController.swift */; };
		52F79A271D1C327700A7C62E /* InstrumentationViewController.swift in Sources */ = {isa = PBXBuildFile; fileRef = 52F79A261D1C327700A7C62E /* InstrumentationViewController.swift */; };
		52F79A2A1D1C327700A7C62E /* Main.storyboard in Resources */ = {isa = PBXBuildFile; fileRef = 52F79A281D1C327700A7C62E /* Main.storyboard */; };
		52F79A2C1D1C327700A7C62E /* Assets.xcassets in Resources */ = {isa = PBXBuildFile; fileRef = 52F79A2B1D1C327700A7C62E /* Assets.xcassets */; };
		52F79A2F1D1C327700A7C62E /* LaunchScreen.storyboard in Resources */ = {isa = PBXBuildFile; fileRef = 52F79A2D1D1C327700A7C62E /* LaunchScreen.storyboard */; };
/* End PBXBuildFile section */

/* Begin PBXFileReference section */
		52F79A1F1D1C327700A7C62E /* Assignment1.app */ = {isa = PBXFileReference; explicitFileType = wrapper.application; includeInIndex = 0; path = Assignment1.app; sourceTree = BUILT_PRODUCTS_DIR; };
		52F79A221D1C327700A7C62E /* AppDelegate.swift */ = {isa = PBXFileReference; lastKnownFileType = sourcecode.swift; path = AppDelegate.swift; sourceTree = "<group>"; };
		52F79A241D1C327700A7C62E /* SimulationViewController.swift */ = {isa = PBXFileReference; lastKnownFileType = sourcecode.swift; path = SimulationViewController.swift; sourceTree = "<group>"; };
		52F79A261D1C327700A7C62E /* InstrumentationViewController.swift */ = {isa = PBXFileReference; lastKnownFileType = sourcecode.swift; path = InstrumentationViewController.swift; sourceTree = "<group>"; };
		52F79A291D1C327700A7C62E /* Base */ = {isa = PBXFileReference; lastKnownFileType = file.storyboard; name = Base; path = Base.lproj/Main.storyboard; sourceTree = "<group>"; };
		52F79A2B1D1C327700A7C62E /* Assets.xcassets */ = {isa = PBXFileReference; lastKnownFileType = folder.assetcatalog; path = Assets.xcassets; sourceTree = "<group>"; };
		52F79A2E1D1C327700A7C62E /* Base */ = {isa = PBXFileReference; lastKnownFileType = file.storyboard; name = Base; path = Base.lproj/LaunchScreen.storyboard; sourceTree = "<group>"; };
		52F79A301D1C327700A7C62E /* Info.plist */ = {isa = PBXFileReference; lastKnownFileType = text.plist.xml; path = Info.plist; sourceTree = "<group>"; };
/* End PBXFileReference section */

/* Begin PBXFrameworksBuildPhase section */
		52F79A1C1D1C327700A7C62E /* Frameworks */ = {
			isa = PBXFrameworksBuildPhase;
			buildActionMask = 2147483647;
			files = (
			);
			runOnlyForDeploymentPostprocessing = 0;
		};
/* End PBXFrameworksBuildPhase section */

/* Begin PBXGroup section */
		52F79A161D1C327700A7C62E = {
			isa = PBXGroup;
			children = (
				52F79A211D1C327700A7C62E /* Assignment1 */,
				52F79A201D1C327700A7C62E /* Products */,
			);
			sourceTree = "<group>";
		};
		52F79A201D1C327700A7C62E /* Products */ = {
			isa = PBXGroup;
			children = (
				52F79A1F1D1C327700A7C62E /* Assignment1.app */,
			);
			name = Products;
			sourceTree = "<group>";
		};
		52F79A211D1C327700A7C62E /* Assignment1 */ = {
			isa = PBXGroup;
			children = (
				52F79A221D1C327700A7C62E /* AppDelegate.swift */,
				52F79A241D1C327700A7C62E /* SimulationViewController.swift */,
				52F79A261D1C327700A7C62E /* InstrumentationViewController.swift */,
				52F79A281D1C327700A7C62E /* Main.storyboard */,
				52F79A2B1D1C327700A7C62E /* Assets.xcassets */,
				52F79A2D1D1C327700A7C62E /* LaunchScreen.storyboard */,
				52F79A301D1C327700A7C62E /* Info.plist */,
			);
			path = Assignment1;
			sourceTree = "<group>";
		};
/* End PBXGroup section */

/* Begin PBXNativeTarget section */
		52F79A1E1D1C327700A7C62E /* Assignment1 */ = {
			isa = PBXNativeTarget;
			buildConfigurationList = 52F79A331D1C327700A7C62E /* Build configuration list for PBXNativeTarget "Assignment1" */;
			buildPhases = (
				52F79A1B1D1C327700A7C62E /* Sources */,
				52F79A1C1D1C327700A7C62E /* Frameworks */,
				52F79A1D1D1C327700A7C62E /* Resources */,
			);
			buildRules = (
			);
			dependencies = (
			);
			name = Assignment1;
			productName = Assignment1;
			productReference = 52F79A1F1D1C327700A7C62E /* Assignment1.app */;
			productType = "com.apple.product-type.application";
		};
/* End PBXNativeTarget section */

/* Begin PBXProject section */
		52F79A171D1C327700A7C62E /* Project object */ = {
			isa = PBXProject;
			attributes = {
				LastSwiftUpdateCheck = 0730;
				LastUpgradeCheck = 0730;
				ORGANIZATIONNAME = MacBookPro;
				TargetAttributes = {
					52F79A1E1D1C327700A7C62E = {
						CreatedOnToolsVersion = 7.3.1;
					};
				};
			};
			buildConfigurationList = 52F79A1A1D1C327700A7C62E /* Build configuration list for PBXProject "Assignment1" */;
			compatibilityVersion = "Xcode 3.2";
			developmentRegion = English;
			hasScannedForEncodings = 0;
			knownRegions = (
				en,
				Base,
			);
			mainGroup = 52F79A161D1C327700A7C62E;
			productRefGroup = 52F79A201D1C327700A7C62E /* Products */;
			projectDirPath = "";
			projectRoot = "";
			targets = (
				52F79A1E1D1C327700A7C62E /* Assignment1 */,
			);
		};
/* End PBXProject section */

/* Begin PBXResourcesBuildPhase section */
		52F79A1D1D1C327700A7C62E /* Resources */ = {
			isa = PBXResourcesBuildPhase;
			buildActionMask = 2147483647;
			files = (
				52F79A2F1D1C327700A7C62E /* LaunchScreen.storyboard in Resources */,
				52F79A2C1D1C327700A7C62E /* Assets.xcassets in Resources */,
				52F79A2A1D1C327700A7C62E /* Main.storyboard in Resources */,
			);
			runOnlyForDeploymentPostprocessing = 0;
		};
/* End PBXResourcesBuildPhase section */

/* Begin PBXSourcesBuildPhase section */
		52F79A1B1D1C327700A7C62E /* Sources */ = {
			isa = PBXSourcesBuildPhase;
			buildActionMask = 2147483647;
			files = (
				52F79A271D1C327700A7C62E /* InstrumentationViewController.swift in Sources */,
				52F79A231D1C327700A7C62E /* AppDelegate.swift in Sources */,
				52F79A251D1C327700A7C62E /* SimulationViewController.swift in Sources */,
			);
			runOnlyForDeploymentPostprocessing = 0;
		};
/* End PBXSourcesBuildPhase section */

/* Begin PBXVariantGroup section */
		52F79A281D1C327700A7C62E /* Main.storyboard */ = {
			isa = PBXVariantGroup;
			children = (
				52F79A291D1C327700A7C62E /* Base */,
			);
			name = Main.storyboard;
			sourceTree = "<group>";
		};
		52F79A2D1D1C327700A7C62E /* LaunchScreen.storyboard */ = {
			isa = PBXVariantGroup;
			children = (
				52F79A2E1D1C327700A7C62E /* Base */,
			);
			name = LaunchScreen.storyboard;
			sourceTree = "<group>";
		};
/* End PBXVariantGroup section */

/* Begin XCBuildConfiguration section */
		52F79A311D1C327700A7C62E /* Debug */ = {
			isa = XCBuildConfiguration;
			buildSettings = {
				ALWAYS_SEARCH_USER_PATHS = NO;
				CLANG_ANALYZER_NONNULL = YES;
				CLANG_CXX_LANGUAGE_STANDARD = "gnu++0x";
				CLANG_CXX_LIBRARY = "libc++";
				CLANG_ENABLE_MODULES = YES;
				CLANG_ENABLE_OBJC_ARC = YES;
				CLANG_WARN_BOOL_CONVERSION = YES;
				CLANG_WARN_CONSTANT_CONVERSION = YES;
				CLANG_WARN_DIRECT_OBJC_ISA_USAGE = YES_ERROR;
				CLANG_WARN_EMPTY_BODY = YES;
				CLANG_WARN_ENUM_CONVERSION = YES;
				CLANG_WARN_INT_CONVERSION = YES;
				CLANG_WARN_OBJC_ROOT_CLASS = YES_ERROR;
				CLANG_WARN_UNREACHABLE_CODE = YES;
				CLANG_WARN__DUPLICATE_METHOD_MATCH = YES;
				"CODE_SIGN_IDENTITY[sdk=iphoneos*]" = "iPhone Developer";
				COPY_PHASE_STRIP = NO;
				DEBUG_INFORMATION_FORMAT = dwarf;
				ENABLE_STRICT_OBJC_MSGSEND = YES;
				ENABLE_TESTABILITY = YES;
				GCC_C_LANGUAGE_STANDARD = gnu99;
				GCC_DYNAMIC_NO_PIC = NO;
				GCC_NO_COMMON_BLOCKS = YES;
				GCC_OPTIMIZATION_LEVEL = 0;
				GCC_PREPROCESSOR_DEFINITIONS = (
					"DEBUG=1",
					"$(inherited)",
				);
				GCC_WARN_64_TO_32_BIT_CONVERSION = YES;
				GCC_WARN_ABOUT_RETURN_TYPE = YES_ERROR;
				GCC_WARN_UNDECLARED_SELECTOR = YES;
				GCC_WARN_UNINITIALIZED_AUTOS = YES_AGGRESSIVE;
				GCC_WARN_UNUSED_FUNCTION = YES;
				GCC_WARN_UNUSED_VARIABLE = YES;
				IPHONEOS_DEPLOYMENT_TARGET = 9.3;
				MTL_ENABLE_DEBUG_INFO = YES;
				ONLY_ACTIVE_ARCH = YES;
				SDKROOT = iphoneos;
				SWIFT_OPTIMIZATION_LEVEL = "-Onone";
				TARGETED_DEVICE_FAMILY = "1,2";
			};
			name = Debug;
		};
		52F79A321D1C327700A7C62E /* Release */ = {
			isa = XCBuildConfiguration;
			buildSettings = {
				ALWAYS_SEARCH_USER_PATHS = NO;
				CLANG_ANALYZER_NONNULL = YES;
				CLANG_CXX_LANGUAGE_STANDARD = "gnu++0x";
				CLANG_CXX_LIBRARY = "libc++";
				CLANG_ENABLE_MODULES = YES;
				CLANG_ENABLE_OBJC_ARC = YES;
				CLANG_WARN_BOOL_CONVERSION = YES;
				CLANG_WARN_CONSTANT_CONVERSION = YES;
				CLANG_WARN_DIRECT_OBJC_ISA_USAGE = YES_ERROR;
				CLANG_WARN_EMPTY_BODY = YES;
				CLANG_WARN_ENUM_CONVERSION = YES;
				CLANG_WARN_INT_CONVERSION = YES;
				CLANG_WARN_OBJC_ROOT_CLASS = YES_ERROR;
				CLANG_WARN_UNREACHABLE_CODE = YES;
				CLANG_WARN__DUPLICATE_METHOD_MATCH = YES;
				"CODE_SIGN_IDENTITY[sdk=iphoneos*]" = "iPhone Developer";
				COPY_PHASE_STRIP = NO;
				DEBUG_INFORMATION_FORMAT = "dwarf-with-dsym";
				ENABLE_NS_ASSERTIONS = NO;
				ENABLE_STRICT_OBJC_MSGSEND = YES;
				GCC_C_LANGUAGE_STANDARD = gnu99;
				GCC_NO_COMMON_BLOCKS = YES;
				GCC_WARN_64_TO_32_BIT_CONVERSION = YES;
				GCC_WARN_ABOUT_RETURN_TYPE = YES_ERROR;
				GCC_WARN_UNDECLARED_SELECTOR = YES;
				GCC_WARN_UNINITIALIZED_AUTOS = YES_AGGRESSIVE;
				GCC_WARN_UNUSED_FUNCTION = YES;
				GCC_WARN_UNUSED_VARIABLE = YES;
				IPHONEOS_DEPLOYMENT_TARGET = 9.3;
				MTL_ENABLE_DEBUG_INFO = NO;
				SDKROOT = iphoneos;
				TARGETED_DEVICE_FAMILY = "1,2";
				VALIDATE_PRODUCT = YES;
			};
			name = Release;
		};
		52F79A341D1C327700A7C62E /* Debug */ = {
			isa = XCBuildConfiguration;
			buildSettings = {
				ASSETCATALOG_COMPILER_APPICON_NAME = AppIcon;
				INFOPLIST_FILE = Assignment1/Info.plist;
				LD_RUNPATH_SEARCH_PATHS = "$(inherited) @executable_path/Frameworks";
				PRODUCT_BUNDLE_IDENTIFIER = Nikita.Assignment1;
				PRODUCT_NAME = "$(TARGET_NAME)";
			};
			name = Debug;
		};
		52F79A351D1C327700A7C62E /* Release */ = {
			isa = XCBuildConfiguration;
			buildSettings = {
				ASSETCATALOG_COMPILER_APPICON_NAME = AppIcon;
				INFOPLIST_FILE = Assignment1/Info.plist;
				LD_RUNPATH_SEARCH_PATHS = "$(inherited) @executable_path/Frameworks";
				PRODUCT_BUNDLE_IDENTIFIER = Nikita.Assignment1;
				PRODUCT_NAME = "$(TARGET_NAME)";
			};
			name = Release;
		};
/* End XCBuildConfiguration section */

/* Begin XCConfigurationList section */
		52F79A1A1D1C327700A7C62E /* Build configuration list for PBXProject "Assignment1" */ = {
			isa = XCConfigurationList;
			buildConfigurations = (
				52F79A311D1C327700A7C62E /* Debug */,
				52F79A321D1C327700A7C62E /* Release */,
			);
			defaultConfigurationIsVisible = 0;
			defaultConfigurationName = Release;
		};
		52F79A331D1C327700A7C62E /* Build configuration list for PBXNativeTarget "Assignment1" */ = {
			isa = XCConfigurationList;
			buildConfigurations = (
				52F79A341D1C327700A7C62E /* Debug */,
				52F79A351D1C327700A7C62E /* Release */,
			);
			defaultConfigurationIsVisible = 0;
		};
/* End XCConfigurationList section */
	};
	rootObject = 52F79A171D1C327700A7C62E /* Project object */;
}
